<?xml version="1.0" encoding="utf-8"?>
<Project ToolsVersion="4.0" xmlns="http://schemas.microsoft.com/developer/msbuild/2003">
  <ItemGroup>
    <ClCompile Include="src\BezierPatch4.cpp">
      <Filter>Source</Filter>
    </ClCompile>
    <ClCompile Include="src\visualizer.cpp">
      <Filter>Source</Filter>
    </ClCompile>
    <ClCompile Include="src\Camera.cpp">
      <Filter>Source</Filter>
    </ClCompile>
    <ClCompile Include="src\Frustum.cpp">
      <Filter>Source</Filter>
    </ClCompile>
    <ClCompile Include="src\Geometry.cpp">
      <Filter>Source</Filter>
    </ClCompile>
    <ClCompile Include="src\GLee.c">
      <Filter>Source</Filter>
    </ClCompile>
    <ClCompile Include="src\Light.cpp">
      <Filter>Source</Filter>
    </ClCompile>
    <ClCompile Include="src\Material.cpp">
      <Filter>Source</Filter>
    </ClCompile>
    <ClCompile Include="src\Matrix4.cpp">
      <Filter>Source</Filter>
    </ClCompile>
    <ClCompile Include="src\ModelMatrix.cpp">
      <Filter>Source</Filter>
    </ClCompile>
    <ClCompile Include="src\Node.cpp">
      <Filter>Source</Filter>
    </ClCompile>
    <ClCompile Include="src\Shader.cpp">
      <Filter>Source</Filter>
    </ClCompile>
    <ClCompile Include="src\ShaderGroup.cpp">
      <Filter>Source</Filter>
    </ClCompile>
    <ClCompile Include="src\Vector3.cpp">
      <Filter>Source</Filter>
    </ClCompile>
    <ClCompile Include="src\Vector4.cpp">
      <Filter>Source</Filter>
    </ClCompile>
    <ClCompile Include="src\AudioManager.cpp">
      <Filter>Source</Filter>
    </ClCompile>
    <ClCompile Include="src\BezierSurface.cpp">
      <Filter>Source</Filter>
    </ClCompile>
    <ClCompile Include="src\FBO.cpp">
      <Filter>Source</Filter>
    </ClCompile>
    <ClCompile Include="src\GlowGroup.cpp">
      <Filter>Source</Filter>
    </ClCompile>
    <ClCompile Include="src\ColorGradient.cpp">
      <Filter>Source</Filter>
    </ClCompile>
    <ClCompile Include="src\BezierPath.cpp">
      <Filter>Source</Filter>
    </ClCompile>
    <ClCompile Include="src\BezierSegment.cpp">
      <Filter>Source</Filter>
    </ClCompile>
  </ItemGroup>
  <ItemGroup>
    <ClInclude Include="src\BezierPatch4.h">
      <Filter>Header</Filter>
    </ClInclude>
    <ClInclude Include="src\Camera.h">
      <Filter>Header</Filter>
    </ClInclude>
    <ClInclude Include="src\Frustum.h">
      <Filter>Header</Filter>
    </ClInclude>
    <ClInclude Include="src\Geometry.h">
      <Filter>Header</Filter>
    </ClInclude>
    <ClInclude Include="src\GLee.h">
      <Filter>Header</Filter>
    </ClInclude>
    <ClInclude Include="src\Light.h">
      <Filter>Header</Filter>
    </ClInclude>
    <ClInclude Include="src\Material.h">
      <Filter>Header</Filter>
    </ClInclude>
    <ClInclude Include="src\Matrix4.h">
      <Filter>Header</Filter>
    </ClInclude>
    <ClInclude Include="src\ModelMatrix.h">
      <Filter>Header</Filter>
    </ClInclude>
    <ClInclude Include="src\Node.h">
      <Filter>Header</Filter>
    </ClInclude>
    <ClInclude Include="src\Shader.h">
      <Filter>Header</Filter>
    </ClInclude>
    <ClInclude Include="src\ShaderGroup.h">
      <Filter>Header</Filter>
    </ClInclude>
    <ClInclude Include="src\Vector3.h">
      <Filter>Header</Filter>
    </ClInclude>
    <ClInclude Include="src\Vector4.h">
      <Filter>Header</Filter>
    </ClInclude>
    <ClInclude Include="src\visualizer.h">
      <Filter>Header</Filter>
    </ClInclude>
    <ClInclude Include="src\AudioManager.h">
      <Filter>Header</Filter>
    </ClInclude>
    <ClInclude Include="src\FBO.h">
      <Filter>Header</Filter>
    </ClInclude>
    <ClInclude Include="src\BezierSurface.h">
      <Filter>Header</Filter>
    </ClInclude>
    <ClInclude Include="src\ColorGradient.h">
      <Filter>Header</Filter>
    </ClInclude>
    <ClInclude Include="src\GlowGroup.h">
      <Filter>Header</Filter>
    </ClInclude>
    <ClInclude Include="src\BezierSurface.h">
      <Filter>Header</Filter>
    </ClInclude>
    <ClInclude Include="src\BezierPath.h">
      <Filter>Header</Filter>
    </ClInclude>
    <ClInclude Include="src\BezierSegment.h">
      <Filter>Header</Filter>
    </ClInclude>
  </ItemGroup>
  <ItemGroup>
    <None Include="ReadMe.txt" />
    <None Include="shaders\gaussianBlur.fs">
      <Filter>Shaders</Filter>
    </None>
    <None Include="shaders\gaussianBlur.vs">
      <Filter>Shaders</Filter>
    </None>
    <None Include="shaders\gaussianBlurHorizontal.fs">
      <Filter>Shaders</Filter>
    </None>
    <None Include="shaders\gaussianBlurVertical.fs">
      <Filter>Shaders</Filter>
    </None>
    <None Include="shaders\mainShader.fs">
      <Filter>Shaders</Filter>
    </None>
    <None Include="shaders\mainShader.vs">
      <Filter>Shaders</Filter>
    </None>
    <None Include="shaders\passthrough.fs">
      <Filter>Shaders</Filter>
    </None>
    <None Include="shaders\passthrough.vs">
      <Filter>Shaders</Filter>
    </None>
    <None Include="shaders\postproc.f.glsl">
      <Filter>Shaders</Filter>
    </None>
    <None Include="shaders\postproc.v.glsl">
      <Filter>Shaders</Filter>
    </None>
    <None Include="shaders\simpleBlue.frag">
      <Filter>Shaders</Filter>
    </None>
    <None Include="shaders\simpleBlue.vert">
      <Filter>Shaders</Filter>
    </None>
    <None Include="shaders\simpleGreen.frag">
      <Filter>Shaders</Filter>
    </None>
    <None Include="shaders\simpleGreen.vert">
      <Filter>Shaders</Filter>
    </None>
    <None Include="shaders\simpleRed.frag">
      <Filter>Shaders</Filter>
    </None>
    <None Include="shaders\simpleRed.vert">
      <Filter>Shaders</Filter>
    </None>
    <None Include="shaders\toonShader.fs">
      <Filter>Shaders</Filter>
    </None>
    <None Include="shaders\toonShader.vs">
      <Filter>Shaders</Filter>
    </None>
    <None Include="shaders\coolShader.vs">
      <Filter>Shaders</Filter>
    </None>
    <None Include="shaders\coolShader.fs">
      <Filter>Shaders</Filter>
    </None>
  </ItemGroup>
  <ItemGroup>
    <Filter Include="Header">
      <UniqueIdentifier>{0965c5c9-065f-48d5-8507-875df9e39c93}</UniqueIdentifier>
      <Extensions>
      </Extensions>
    </Filter>
    <Filter Include="Source">
      <UniqueIdentifier>{95d0918f-daa1-42fa-9eaa-5d107669d8f1}</UniqueIdentifier>
      <Extensions>
      </Extensions>
    </Filter>
    <Filter Include="Shaders">
      <UniqueIdentifier>{fb3cd9e3-e131-4697-900b-9c7e2620e930}</UniqueIdentifier>
    </Filter>
  </ItemGroup>
</Project>